
Microsoft Visual Studio Solution File, Format Version 12.00
# Visual Studio 15
VisualStudioVersion = 15.0.26206.0
MinimumVisualStudioVersion = 10.0.40219.1
Project("{FAE04EC0-301F-11D3-BF4B-00C04F79EFBC}") = "MundoCompilado.RF", "MundoCompilado.RF\MundoCompilado.RF.csproj", "{84536115-4D9C-48E5-9E25-CEF03E1A19C7}"
EndProject
Project("{FAE04EC0-301F-11D3-BF4B-00C04F79EFBC}") = "Model", "Model\Model.csproj", "{F055AB64-84E4-473D-A98D-1E03D8F96E28}"
EndProject
Project("{FAE04EC0-301F-11D3-BF4B-00C04F79EFBC}") = "DataAccess", "DataAccess\DataAccess.csproj", "{E2CB09CE-5F6C-4E16-B297-48BBD08FA3B0}"
EndProject
Project("{FAE04EC0-301F-11D3-BF4B-00C04F79EFBC}") = "ViewModel", "ViewModel\ViewModel.csproj", "{C84C6319-7391-42C0-BD5A-9E898D865A7F}"
EndProject
Project("{FAE04EC0-301F-11D3-BF4B-00C04F79EFBC}") = "Domain", "Domain\Domain.csproj", "{46076AD7-AC47-4557-B91A-281C594BDC2B}"
EndProject
Project("{FAE04EC0-301F-11D3-BF4B-00C04F79EFBC}") = "Helper", "Helper\Helper.csproj", "{0A651E2F-1D0E-4AA4-B444-68406300DB31}"
EndProject
Project("{FAE04EC0-301F-11D3-BF4B-00C04F79EFBC}") = "MundoCompilado.RF.WindowsForms", "MundoCompilado.RF.WindowsForms\MundoCompilado.RF.WindowsForms.csproj", "{ECACFBB3-A743-47AA-B1E9-97A9263B95E2}"
EndProject
Project("{FAE04EC0-301F-11D3-BF4B-00C04F79EFBC}") = "MundoCompilado.RF.LatLang", "MundoCompilado.RF.Console\MundoCompilado.RF.LatLang.csproj", "{CC81598F-F424-4C92-9AE1-D518C6711970}"
EndProject
Project("{FAE04EC0-301F-11D3-BF4B-00C04F79EFBC}") = "MundoCompilado.RF.Minerador", "MundoCompilado.RF.Minerador\MundoCompilado.RF.Minerador.csproj", "{5177693E-D47A-494F-BB1A-4D3F03FCF891}"
EndProject
Project("{2150E333-8FDC-42A3-9474-1A3956D46DE8}") = "Files", "Files", "{B34C433B-8ED7-4954-8275-89CEE894E42B}"
	ProjectSection(SolutionItems) = preProject
		Files\modelo_email.html = Files\modelo_email.html
		Files\Planos.txt = Files\Planos.txt
		Files\vagas.txt = Files\vagas.txt
	EndProjectSection
EndProject
Project("{FAE04EC0-301F-11D3-BF4B-00C04F79EFBC}") = "UnitTest", "UnitTest\UnitTest.csproj", "{2BC7E050-F7E7-44B8-B038-5F90451243F0}"
EndProject
Global
	GlobalSection(SolutionConfigurationPlatforms) = preSolution
		Debug|Any CPU = Debug|Any CPU
		Release|Any CPU = Release|Any CPU
	EndGlobalSection
	GlobalSection(ProjectConfigurationPlatforms) = postSolution
		{84536115-4D9C-48E5-9E25-CEF03E1A19C7}.Debug|Any CPU.ActiveCfg = Debug|Any CPU
		{84536115-4D9C-48E5-9E25-CEF03E1A19C7}.Debug|Any CPU.Build.0 = Debug|Any CPU
		{84536115-4D9C-48E5-9E25-CEF03E1A19C7}.Release|Any CPU.ActiveCfg = Release|Any CPU
		{84536115-4D9C-48E5-9E25-CEF03E1A19C7}.Release|Any CPU.Build.0 = Release|Any CPU
		{F055AB64-84E4-473D-A98D-1E03D8F96E28}.Debug|Any CPU.ActiveCfg = Debug|Any CPU
		{F055AB64-84E4-473D-A98D-1E03D8F96E28}.Debug|Any CPU.Build.0 = Debug|Any CPU
		{F055AB64-84E4-473D-A98D-1E03D8F96E28}.Release|Any CPU.ActiveCfg = Release|Any CPU
		{F055AB64-84E4-473D-A98D-1E03D8F96E28}.Release|Any CPU.Build.0 = Release|Any CPU
		{E2CB09CE-5F6C-4E16-B297-48BBD08FA3B0}.Debug|Any CPU.ActiveCfg = Debug|Any CPU
		{E2CB09CE-5F6C-4E16-B297-48BBD08FA3B0}.Debug|Any CPU.Build.0 = Debug|Any CPU
		{E2CB09CE-5F6C-4E16-B297-48BBD08FA3B0}.Release|Any CPU.ActiveCfg = Release|Any CPU
		{E2CB09CE-5F6C-4E16-B297-48BBD08FA3B0}.Release|Any CPU.Build.0 = Release|Any CPU
		{C84C6319-7391-42C0-BD5A-9E898D865A7F}.Debug|Any CPU.ActiveCfg = Debug|Any CPU
		{C84C6319-7391-42C0-BD5A-9E898D865A7F}.Debug|Any CPU.Build.0 = Debug|Any CPU
		{C84C6319-7391-42C0-BD5A-9E898D865A7F}.Release|Any CPU.ActiveCfg = Release|Any CPU
		{C84C6319-7391-42C0-BD5A-9E898D865A7F}.Release|Any CPU.Build.0 = Release|Any CPU
		{46076AD7-AC47-4557-B91A-281C594BDC2B}.Debug|Any CPU.ActiveCfg = Debug|Any CPU
		{46076AD7-AC47-4557-B91A-281C594BDC2B}.Debug|Any CPU.Build.0 = Debug|Any CPU
		{46076AD7-AC47-4557-B91A-281C594BDC2B}.Release|Any CPU.ActiveCfg = Release|Any CPU
		{46076AD7-AC47-4557-B91A-281C594BDC2B}.Release|Any CPU.Build.0 = Release|Any CPU
		{0A651E2F-1D0E-4AA4-B444-68406300DB31}.Debug|Any CPU.ActiveCfg = Debug|Any CPU
		{0A651E2F-1D0E-4AA4-B444-68406300DB31}.Debug|Any CPU.Build.0 = Debug|Any CPU
		{0A651E2F-1D0E-4AA4-B444-68406300DB31}.Release|Any CPU.ActiveCfg = Release|Any CPU
		{0A651E2F-1D0E-4AA4-B444-68406300DB31}.Release|Any CPU.Build.0 = Release|Any CPU
		{ECACFBB3-A743-47AA-B1E9-97A9263B95E2}.Debug|Any CPU.ActiveCfg = Debug|Any CPU
		{ECACFBB3-A743-47AA-B1E9-97A9263B95E2}.Debug|Any CPU.Build.0 = Debug|Any CPU
		{ECACFBB3-A743-47AA-B1E9-97A9263B95E2}.Release|Any CPU.ActiveCfg = Release|Any CPU
		{ECACFBB3-A743-47AA-B1E9-97A9263B95E2}.Release|Any CPU.Build.0 = Release|Any CPU
		{CC81598F-F424-4C92-9AE1-D518C6711970}.Debug|Any CPU.ActiveCfg = Debug|Any CPU
		{CC81598F-F424-4C92-9AE1-D518C6711970}.Debug|Any CPU.Build.0 = Debug|Any CPU
		{CC81598F-F424-4C92-9AE1-D518C6711970}.Release|Any CPU.ActiveCfg = Release|Any CPU
		{CC81598F-F424-4C92-9AE1-D518C6711970}.Release|Any CPU.Build.0 = Release|Any CPU
		{5177693E-D47A-494F-BB1A-4D3F03FCF891}.Debug|Any CPU.ActiveCfg = Debug|Any CPU
		{5177693E-D47A-494F-BB1A-4D3F03FCF891}.Debug|Any CPU.Build.0 = Debug|Any CPU
		{5177693E-D47A-494F-BB1A-4D3F03FCF891}.Release|Any CPU.ActiveCfg = Release|Any CPU
		{5177693E-D47A-494F-BB1A-4D3F03FCF891}.Release|Any CPU.Build.0 = Release|Any CPU
		{2BC7E050-F7E7-44B8-B038-5F90451243F0}.Debug|Any CPU.ActiveCfg = Debug|Any CPU
		{2BC7E050-F7E7-44B8-B038-5F90451243F0}.Debug|Any CPU.Build.0 = Debug|Any CPU
		{2BC7E050-F7E7-44B8-B038-5F90451243F0}.Release|Any CPU.ActiveCfg = Release|Any CPU
		{2BC7E050-F7E7-44B8-B038-5F90451243F0}.Release|Any CPU.Build.0 = Release|Any CPU
	EndGlobalSection
	GlobalSection(SolutionProperties) = preSolution
		HideSolutionNode = FALSE
	EndGlobalSection
EndGlobal
